
Microsoft Visual Studio Solution File, Format Version 12.00
# Visual Studio Version 16
VisualStudioVersion = 16.0.31515.178
MinimumVisualStudioVersion = 10.0.40219.1
Project("{FAE04EC0-301F-11D3-BF4B-00C04F79EFBC}") = "BestBuyBestPractices", "BestBuyBestPractices\BestBuyBestPractices.csproj", "{FE8FDAF9-DB67-463D-AA8E-4EE628CC412C}"
EndProject
Global
	GlobalSection(SolutionConfigurationPlatforms) = preSolution
		Debug|Any CPU = Debug|Any CPU
		Release|Any CPU = Release|Any CPU
	EndGlobalSection
	GlobalSection(ProjectConfigurationPlatforms) = postSolution
		{FE8FDAF9-DB67-463D-AA8E-4EE628CC412C}.Debug|Any CPU.ActiveCfg = Debug|Any CPU
		{FE8FDAF9-DB67-463D-AA8E-4EE628CC412C}.Debug|Any CPU.Build.0 = Debug|Any CPU
		{FE8FDAF9-DB67-463D-AA8E-4EE628CC412C}.Release|Any CPU.ActiveCfg = Release|Any CPU
		{FE8FDAF9-DB67-463D-AA8E-4EE628CC412C}.Release|Any CPU.Build.0 = Release|Any CPU
	EndGlobalSection
	GlobalSection(SolutionProperties) = preSolution
		HideSolutionNode = FALSE
	EndGlobalSection
	GlobalSection(ExtensibilityGlobals) = postSolution
		SolutionGuid = {698EE41A-1313-45D0-986B-3C63583F421D}
	EndGlobalSection
EndGlobal
